
Microsoft Visual Studio Solution File, Format Version 11.00
# Visual Studio 2010
Project("{FAE04EC0-301F-11D3-BF4B-00C04F79EFBC}") = "ERP", "ERP\ERP.csproj", "{984986A4-5A48-46C6-A294-FB7F9E0F5544}"
	ProjectSection(ProjectDependencies) = postProject
		{D3F51D3D-405E-4F52-9016-3DA4E66D3220} = {D3F51D3D-405E-4F52-9016-3DA4E66D3220}
		{D3F51D3D-405E-4F52-9016-3DA4E66D3220} = {D3F51D3D-405E-4F52-9016-3DA4E66D3220}
	EndProjectSection
EndProject
Project("{FAE04EC0-301F-11D3-BF4B-00C04F79EFBC}") = "ERP.Web", "ERP.Web\ERP.Web.csproj", "{D3F51D3D-405E-4F52-9016-3DA4E66D3220}"
EndProject
Project("{FAE04EC0-301F-11D3-BF4B-00C04F79EFBC}") = "ErpAdministracaoModel", "ErpAdministracaoModel\ErpAdministracaoModel.csproj", "{AB7E2EDE-0155-421E-82F0-A79E75D4871B}"
EndProject
Project("{FAE04EC0-301F-11D3-BF4B-00C04F79EFBC}") = "ERPQualidadeModel", "ERPQualidadeModel\ERPQualidadeModel.csproj", "{F4EEBC2B-1B94-48B8-BADE-2FF3F47CD2EC}"
EndProject
Project("{FAE04EC0-301F-11D3-BF4B-00C04F79EFBC}") = "AdministracaoWS", "AdministracaoWS\AdministracaoWS.csproj", "{87F76816-3E78-4379-A960-8BF45BAEB9F4}"
EndProject
Project("{FAE04EC0-301F-11D3-BF4B-00C04F79EFBC}") = "QualidadeWS", "QualidadeWS\QualidadeWS.csproj", "{39EFEE94-97F1-43B6-B59F-F284D0624E91}"
EndProject
Global
	GlobalSection(SolutionConfigurationPlatforms) = preSolution
		Debug|Any CPU = Debug|Any CPU
		Debug|Mixed Platforms = Debug|Mixed Platforms
		Debug|x86 = Debug|x86
		Release|Any CPU = Release|Any CPU
		Release|Mixed Platforms = Release|Mixed Platforms
		Release|x86 = Release|x86
	EndGlobalSection
	GlobalSection(ProjectConfigurationPlatforms) = postSolution
		{984986A4-5A48-46C6-A294-FB7F9E0F5544}.Debug|Any CPU.ActiveCfg = Debug|Any CPU
		{984986A4-5A48-46C6-A294-FB7F9E0F5544}.Debug|Any CPU.Build.0 = Debug|Any CPU
		{984986A4-5A48-46C6-A294-FB7F9E0F5544}.Debug|Mixed Platforms.ActiveCfg = Debug|Any CPU
		{984986A4-5A48-46C6-A294-FB7F9E0F5544}.Debug|Mixed Platforms.Build.0 = Debug|Any CPU
		{984986A4-5A48-46C6-A294-FB7F9E0F5544}.Debug|x86.ActiveCfg = Debug|Any CPU
		{984986A4-5A48-46C6-A294-FB7F9E0F5544}.Release|Any CPU.ActiveCfg = Release|Any CPU
		{984986A4-5A48-46C6-A294-FB7F9E0F5544}.Release|Any CPU.Build.0 = Release|Any CPU
		{984986A4-5A48-46C6-A294-FB7F9E0F5544}.Release|Mixed Platforms.ActiveCfg = Release|Any CPU
		{984986A4-5A48-46C6-A294-FB7F9E0F5544}.Release|Mixed Platforms.Build.0 = Release|Any CPU
		{984986A4-5A48-46C6-A294-FB7F9E0F5544}.Release|x86.ActiveCfg = Release|Any CPU
		{D3F51D3D-405E-4F52-9016-3DA4E66D3220}.Debug|Any CPU.ActiveCfg = Debug|Any CPU
		{D3F51D3D-405E-4F52-9016-3DA4E66D3220}.Debug|Any CPU.Build.0 = Debug|Any CPU
		{D3F51D3D-405E-4F52-9016-3DA4E66D3220}.Debug|Mixed Platforms.ActiveCfg = Debug|Any CPU
		{D3F51D3D-405E-4F52-9016-3DA4E66D3220}.Debug|Mixed Platforms.Build.0 = Debug|Any CPU
		{D3F51D3D-405E-4F52-9016-3DA4E66D3220}.Debug|x86.ActiveCfg = Debug|Any CPU
		{D3F51D3D-405E-4F52-9016-3DA4E66D3220}.Release|Any CPU.ActiveCfg = Release|Any CPU
		{D3F51D3D-405E-4F52-9016-3DA4E66D3220}.Release|Any CPU.Build.0 = Release|Any CPU
		{D3F51D3D-405E-4F52-9016-3DA4E66D3220}.Release|Mixed Platforms.ActiveCfg = Release|Any CPU
		{D3F51D3D-405E-4F52-9016-3DA4E66D3220}.Release|Mixed Platforms.Build.0 = Release|Any CPU
		{D3F51D3D-405E-4F52-9016-3DA4E66D3220}.Release|x86.ActiveCfg = Release|Any CPU
		{AB7E2EDE-0155-421E-82F0-A79E75D4871B}.Debug|Any CPU.ActiveCfg = Debug|Any CPU
		{AB7E2EDE-0155-421E-82F0-A79E75D4871B}.Debug|Any CPU.Build.0 = Debug|Any CPU
		{AB7E2EDE-0155-421E-82F0-A79E75D4871B}.Debug|Mixed Platforms.ActiveCfg = Debug|Any CPU
		{AB7E2EDE-0155-421E-82F0-A79E75D4871B}.Debug|Mixed Platforms.Build.0 = Debug|Any CPU
		{AB7E2EDE-0155-421E-82F0-A79E75D4871B}.Debug|x86.ActiveCfg = Debug|Any CPU
		{AB7E2EDE-0155-421E-82F0-A79E75D4871B}.Release|Any CPU.ActiveCfg = Release|Any CPU
		{AB7E2EDE-0155-421E-82F0-A79E75D4871B}.Release|Any CPU.Build.0 = Release|Any CPU
		{AB7E2EDE-0155-421E-82F0-A79E75D4871B}.Release|Mixed Platforms.ActiveCfg = Release|Any CPU
		{AB7E2EDE-0155-421E-82F0-A79E75D4871B}.Release|Mixed Platforms.Build.0 = Release|Any CPU
		{AB7E2EDE-0155-421E-82F0-A79E75D4871B}.Release|x86.ActiveCfg = Release|Any CPU
		{F4EEBC2B-1B94-48B8-BADE-2FF3F47CD2EC}.Debug|Any CPU.ActiveCfg = Debug|Any CPU
		{F4EEBC2B-1B94-48B8-BADE-2FF3F47CD2EC}.Debug|Any CPU.Build.0 = Debug|Any CPU
		{F4EEBC2B-1B94-48B8-BADE-2FF3F47CD2EC}.Debug|Mixed Platforms.ActiveCfg = Debug|Any CPU
		{F4EEBC2B-1B94-48B8-BADE-2FF3F47CD2EC}.Debug|Mixed Platforms.Build.0 = Debug|Any CPU
		{F4EEBC2B-1B94-48B8-BADE-2FF3F47CD2EC}.Debug|x86.ActiveCfg = Debug|Any CPU
		{F4EEBC2B-1B94-48B8-BADE-2FF3F47CD2EC}.Release|Any CPU.ActiveCfg = Release|Any CPU
		{F4EEBC2B-1B94-48B8-BADE-2FF3F47CD2EC}.Release|Any CPU.Build.0 = Release|Any CPU
		{F4EEBC2B-1B94-48B8-BADE-2FF3F47CD2EC}.Release|Mixed Platforms.ActiveCfg = Release|Any CPU
		{F4EEBC2B-1B94-48B8-BADE-2FF3F47CD2EC}.Release|Mixed Platforms.Build.0 = Release|Any CPU
		{F4EEBC2B-1B94-48B8-BADE-2FF3F47CD2EC}.Release|x86.ActiveCfg = Release|Any CPU
		{87F76816-3E78-4379-A960-8BF45BAEB9F4}.Debug|Any CPU.ActiveCfg = Debug|Any CPU
		{87F76816-3E78-4379-A960-8BF45BAEB9F4}.Debug|Any CPU.Build.0 = Debug|Any CPU
		{87F76816-3E78-4379-A960-8BF45BAEB9F4}.Debug|Mixed Platforms.ActiveCfg = Debug|Any CPU
		{87F76816-3E78-4379-A960-8BF45BAEB9F4}.Debug|Mixed Platforms.Build.0 = Debug|Any CPU
		{87F76816-3E78-4379-A960-8BF45BAEB9F4}.Debug|x86.ActiveCfg = Debug|Any CPU
		{87F76816-3E78-4379-A960-8BF45BAEB9F4}.Release|Any CPU.ActiveCfg = Release|Any CPU
		{87F76816-3E78-4379-A960-8BF45BAEB9F4}.Release|Any CPU.Build.0 = Release|Any CPU
		{87F76816-3E78-4379-A960-8BF45BAEB9F4}.Release|Mixed Platforms.ActiveCfg = Release|Any CPU
		{87F76816-3E78-4379-A960-8BF45BAEB9F4}.Release|Mixed Platforms.Build.0 = Release|Any CPU
		{87F76816-3E78-4379-A960-8BF45BAEB9F4}.Release|x86.ActiveCfg = Release|Any CPU
		{39EFEE94-97F1-43B6-B59F-F284D0624E91}.Debug|Any CPU.ActiveCfg = Debug|Any CPU
		{39EFEE94-97F1-43B6-B59F-F284D0624E91}.Debug|Any CPU.Build.0 = Debug|Any CPU
		{39EFEE94-97F1-43B6-B59F-F284D0624E91}.Debug|Mixed Platforms.ActiveCfg = Debug|Any CPU
		{39EFEE94-97F1-43B6-B59F-F284D0624E91}.Debug|Mixed Platforms.Build.0 = Debug|Any CPU
		{39EFEE94-97F1-43B6-B59F-F284D0624E91}.Debug|x86.ActiveCfg = Debug|Any CPU
		{39EFEE94-97F1-43B6-B59F-F284D0624E91}.Release|Any CPU.ActiveCfg = Release|Any CPU
		{39EFEE94-97F1-43B6-B59F-F284D0624E91}.Release|Any CPU.Build.0 = Release|Any CPU
		{39EFEE94-97F1-43B6-B59F-F284D0624E91}.Release|Mixed Platforms.ActiveCfg = Release|Any CPU
		{39EFEE94-97F1-43B6-B59F-F284D0624E91}.Release|Mixed Platforms.Build.0 = Release|Any CPU
		{39EFEE94-97F1-43B6-B59F-F284D0624E91}.Release|x86.ActiveCfg = Release|Any CPU
	EndGlobalSection
	GlobalSection(SolutionProperties) = preSolution
		HideSolutionNode = FALSE
	EndGlobalSection
EndGlobal
